// !$*UTF8*$!
{
	archiveVersion = 1;
	classes = {
	};
	objectVersion = 50;
	objects = {

/* Begin PBXBuildFile section */
		5487978BD4D53D8538B27478 /* Pods_IntDropBoxDemo.framework in Frameworks */ = {isa = PBXBuildFile; fileRef = 0B93768FBC33F397C2E863DF /* Pods_IntDropBoxDemo.framework */; };
		81C6F987229969C100466967 /* AppDelegate.swift in Sources */ = {isa = PBXBuildFile; fileRef = 81C6F986229969C100466967 /* AppDelegate.swift */; };
		81C6F989229969C100466967 /* ViewController.swift in Sources */ = {isa = PBXBuildFile; fileRef = 81C6F988229969C100466967 /* ViewController.swift */; };
		81C6F98C229969C100466967 /* Main.storyboard in Resources */ = {isa = PBXBuildFile; fileRef = 81C6F98A229969C100466967 /* Main.storyboard */; };
		81C6F98E229969C300466967 /* Assets.xcassets in Resources */ = {isa = PBXBuildFile; fileRef = 81C6F98D229969C300466967 /* Assets.xcassets */; };
		81C6F991229969C300466967 /* LaunchScreen.storyboard in Resources */ = {isa = PBXBuildFile; fileRef = 81C6F98F229969C300466967 /* LaunchScreen.storyboard */; };
		81C6F99B22996B7100466967 /* Constant.swift in Sources */ = {isa = PBXBuildFile; fileRef = 81C6F99A22996B7100466967 /* Constant.swift */; };
		81C6F99D22996F9D00466967 /* LoginViewController.swift in Sources */ = {isa = PBXBuildFile; fileRef = 81C6F99C22996F9D00466967 /* LoginViewController.swift */; };
/* End PBXBuildFile section */

/* Begin PBXFileReference section */
		0B93768FBC33F397C2E863DF /* Pods_IntDropBoxDemo.framework */ = {isa = PBXFileReference; explicitFileType = wrapper.framework; includeInIndex = 0; path = Pods_IntDropBoxDemo.framework; sourceTree = BUILT_PRODUCTS_DIR; };
		81C6F983229969C100466967 /* IntDropBoxDemo.app */ = {isa = PBXFileReference; explicitFileType = wrapper.application; includeInIndex = 0; path = IntDropBoxDemo.app; sourceTree = BUILT_PRODUCTS_DIR; };
		81C6F986229969C100466967 /* AppDelegate.swift */ = {isa = PBXFileReference; lastKnownFileType = sourcecode.swift; path = AppDelegate.swift; sourceTree = "<group>"; };
		81C6F988229969C100466967 /* ViewController.swift */ = {isa = PBXFileReference; lastKnownFileType = sourcecode.swift; path = ViewController.swift; sourceTree = "<group>"; };
		81C6F98B229969C100466967 /* Base */ = {isa = PBXFileReference; lastKnownFileType = file.storyboard; name = Base; path = Base.lproj/Main.storyboard; sourceTree = "<group>"; };
		81C6F98D229969C300466967 /* Assets.xcassets */ = {isa = PBXFileReference; lastKnownFileType = folder.assetcatalog; path = Assets.xcassets; sourceTree = "<group>"; };
		81C6F990229969C300466967 /* Base */ = {isa = PBXFileReference; lastKnownFileType = file.storyboard; name = Base; path = Base.lproj/LaunchScreen.storyboard; sourceTree = "<group>"; };
		81C6F992229969C300466967 /* Info.plist */ = {isa = PBXFileReference; lastKnownFileType = text.plist.xml; path = Info.plist; sourceTree = "<group>"; };
		81C6F99A22996B7100466967 /* Constant.swift */ = {isa = PBXFileReference; lastKnownFileType = sourcecode.swift; path = Constant.swift; sourceTree = "<group>"; };
		81C6F99C22996F9D00466967 /* LoginViewController.swift */ = {isa = PBXFileReference; lastKnownFileType = sourcecode.swift; path = LoginViewController.swift; sourceTree = "<group>"; };
		99174B946A0B6FF055B80F80 /* Pods-IntDropBoxDemo.debug.xcconfig */ = {isa = PBXFileReference; includeInIndex = 1; lastKnownFileType = text.xcconfig; name = "Pods-IntDropBoxDemo.debug.xcconfig"; path = "Target Support Files/Pods-IntDropBoxDemo/Pods-IntDropBoxDemo.debug.xcconfig"; sourceTree = "<group>"; };
		FA659AEA1A0CD648979115F6 /* Pods-IntDropBoxDemo.release.xcconfig */ = {isa = PBXFileReference; includeInIndex = 1; lastKnownFileType = text.xcconfig; name = "Pods-IntDropBoxDemo.release.xcconfig"; path = "Target Support Files/Pods-IntDropBoxDemo/Pods-IntDropBoxDemo.release.xcconfig"; sourceTree = "<group>"; };
/* End PBXFileReference section */

/* Begin PBXFrameworksBuildPhase section */
		81C6F980229969C100466967 /* Frameworks */ = {
			isa = PBXFrameworksBuildPhase;
			buildActionMask = 2147483647;
			files = (
				5487978BD4D53D8538B27478 /* Pods_IntDropBoxDemo.framework in Frameworks */,
			);
			runOnlyForDeploymentPostprocessing = 0;
		};
/* End PBXFrameworksBuildPhase section */

/* Begin PBXGroup section */
		40A560E2D18281B643B32116 /* Pods */ = {
			isa = PBXGroup;
			children = (
				99174B946A0B6FF055B80F80 /* Pods-IntDropBoxDemo.debug.xcconfig */,
				FA659AEA1A0CD648979115F6 /* Pods-IntDropBoxDemo.release.xcconfig */,
			);
			path = Pods;
			sourceTree = "<group>";
		};
		688791979BC3605305758882 /* Frameworks */ = {
			isa = PBXGroup;
			children = (
				0B93768FBC33F397C2E863DF /* Pods_IntDropBoxDemo.framework */,
			);
			name = Frameworks;
			sourceTree = "<group>";
		};
		81B45302229BB12600309368 /* Appdelegate */ = {
			isa = PBXGroup;
			children = (
				81C6F986229969C100466967 /* AppDelegate.swift */,
			);
			path = Appdelegate;
			sourceTree = "<group>";
		};
		81B45303229BB14200309368 /* Sources */ = {
			isa = PBXGroup;
			children = (
				81B45302229BB12600309368 /* Appdelegate */,
				81C6F99822996B3A00466967 /* Utility */,
				81B45304229BB15000309368 /* Controllers */,
			);
			path = Sources;
			sourceTree = "<group>";
		};
		81B45304229BB15000309368 /* Controllers */ = {
			isa = PBXGroup;
			children = (
				81C6F99C22996F9D00466967 /* LoginViewController.swift */,
				81C6F988229969C100466967 /* ViewController.swift */,
			);
			path = Controllers;
			sourceTree = "<group>";
		};
		81C6F97A229969C100466967 = {
			isa = PBXGroup;
			children = (
				81C6F985229969C100466967 /* IntDropBoxDemo */,
				81C6F984229969C100466967 /* Products */,
				40A560E2D18281B643B32116 /* Pods */,
				688791979BC3605305758882 /* Frameworks */,
			);
			sourceTree = "<group>";
		};
		81C6F984229969C100466967 /* Products */ = {
			isa = PBXGroup;
			children = (
				81C6F983229969C100466967 /* IntDropBoxDemo.app */,
			);
			name = Products;
			sourceTree = "<group>";
		};
		81C6F985229969C100466967 /* IntDropBoxDemo */ = {
			isa = PBXGroup;
			children = (
				81B45303229BB14200309368 /* Sources */,
				81C6F98A229969C100466967 /* Main.storyboard */,
				81C6F98D229969C300466967 /* Assets.xcassets */,
				81C6F98F229969C300466967 /* LaunchScreen.storyboard */,
				81C6F992229969C300466967 /* Info.plist */,
			);
			path = IntDropBoxDemo;
			sourceTree = "<group>";
		};
		81C6F99822996B3A00466967 /* Utility */ = {
			isa = PBXGroup;
			children = (
				81C6F99922996B4A00466967 /* Constants */,
			);
			path = Utility;
			sourceTree = "<group>";
		};
		81C6F99922996B4A00466967 /* Constants */ = {
			isa = PBXGroup;
			children = (
				81C6F99A22996B7100466967 /* Constant.swift */,
			);
			path = Constants;
			sourceTree = "<group>";
		};
/* End PBXGroup section */

/* Begin PBXNativeTarget section */
		81C6F982229969C100466967 /* IntDropBoxDemo */ = {
			isa = PBXNativeTarget;
			buildConfigurationList = 81C6F995229969C300466967 /* Build configuration list for PBXNativeTarget "IntDropBoxDemo" */;
			buildPhases = (
				130433A718C9660CD17007E5 /* [CP] Check Pods Manifest.lock */,
				81C6F97F229969C100466967 /* Sources */,
				81C6F980229969C100466967 /* Frameworks */,
				81C6F981229969C100466967 /* Resources */,
				68DFEA74AC02A85246D176EF /* [CP] Embed Pods Frameworks */,
			);
			buildRules = (
			);
			dependencies = (
			);
			name = IntDropBoxDemo;
			productName = IntDropBoxDemo;
			productReference = 81C6F983229969C100466967 /* IntDropBoxDemo.app */;
			productType = "com.apple.product-type.application";
		};
/* End PBXNativeTarget section */

/* Begin PBXProject section */
		81C6F97B229969C100466967 /* Project object */ = {
			isa = PBXProject;
			attributes = {
				LastSwiftUpdateCheck = 1010;
				LastUpgradeCheck = 1010;
				ORGANIZATIONNAME = Intellarc;
				TargetAttributes = {
					81C6F982229969C100466967 = {
						CreatedOnToolsVersion = 10.1;
					};
				};
			};
			buildConfigurationList = 81C6F97E229969C100466967 /* Build configuration list for PBXProject "IntDropBoxDemo" */;
			compatibilityVersion = "Xcode 9.3";
			developmentRegion = en;
			hasScannedForEncodings = 0;
			knownRegions = (
				en,
				Base,
			);
			mainGroup = 81C6F97A229969C100466967;
			productRefGroup = 81C6F984229969C100466967 /* Products */;
			projectDirPath = "";
			projectRoot = "";
			targets = (
				81C6F982229969C100466967 /* IntDropBoxDemo */,
			);
		};
/* End PBXProject section */

/* Begin PBXResourcesBuildPhase section */
		81C6F981229969C100466967 /* Resources */ = {
			isa = PBXResourcesBuildPhase;
			buildActionMask = 2147483647;
			files = (
				81C6F991229969C300466967 /* LaunchScreen.storyboard in Resources */,
				81C6F98E229969C300466967 /* Assets.xcassets in Resources */,
				81C6F98C229969C100466967 /* Main.storyboard in Resources */,
			);
			runOnlyForDeploymentPostprocessing = 0;
		};
/* End PBXResourcesBuildPhase section */

/* Begin PBXShellScriptBuildPhase section */
		130433A718C9660CD17007E5 /* [CP] Check Pods Manifest.lock */ = {
			isa = PBXShellScriptBuildPhase;
			buildActionMask = 2147483647;
			files = (
			);
			inputFileListPaths = (
			);
			inputPaths = (
				"${PODS_PODFILE_DIR_PATH}/Podfile.lock",
				"${PODS_ROOT}/Manifest.lock",
			);
			name = "[CP] Check Pods Manifest.lock";
			outputFileListPaths = (
			);
			outputPaths = (
				"$(DERIVED_FILE_DIR)/Pods-IntDropBoxDemo-checkManifestLockResult.txt",
			);
			runOnlyForDeploymentPostprocessing = 0;
			shellPath = /bin/sh;
			shellScript = "diff \"${PODS_PODFILE_DIR_PATH}/Podfile.lock\" \"${PODS_ROOT}/Manifest.lock\" > /dev/null\nif [ $? != 0 ] ; then\n    # print error to STDERR\n    echo \"error: The sandbox is not in sync with the Podfile.lock. Run 'pod install' or update your CocoaPods installation.\" >&2\n    exit 1\nfi\n# This output is used by Xcode 'outputs' to avoid re-running this script phase.\necho \"SUCCESS\" > \"${SCRIPT_OUTPUT_FILE_0}\"\n";
			showEnvVarsInLog = 0;
		};
		68DFEA74AC02A85246D176EF /* [CP] Embed Pods Frameworks */ = {
			isa = PBXShellScriptBuildPhase;
			buildActionMask = 2147483647;
			files = (
			);
			inputFileListPaths = (
			);
			inputPaths = (
				"${PODS_ROOT}/Target Support Files/Pods-IntDropBoxDemo/Pods-IntDropBoxDemo-frameworks.sh",
				"${BUILT_PRODUCTS_DIR}/Alamofire/Alamofire.framework",
				"${BUILT_PRODUCTS_DIR}/SwiftyDropbox/SwiftyDropbox.framework",
			);
			name = "[CP] Embed Pods Frameworks";
			outputFileListPaths = (
			);
			outputPaths = (
				"${TARGET_BUILD_DIR}/${FRAMEWORKS_FOLDER_PATH}/Alamofire.framework",
				"${TARGET_BUILD_DIR}/${FRAMEWORKS_FOLDER_PATH}/SwiftyDropbox.framework",
			);
			runOnlyForDeploymentPostprocessing = 0;
			shellPath = /bin/sh;
			shellScript = "\"${PODS_ROOT}/Target Support Files/Pods-IntDropBoxDemo/Pods-IntDropBoxDemo-frameworks.sh\"\n";
			showEnvVarsInLog = 0;
		};
/* End PBXShellScriptBuildPhase section */

/* Begin PBXSourcesBuildPhase section */
		81C6F97F229969C100466967 /* Sources */ = {
			isa = PBXSourcesBuildPhase;
			buildActionMask = 2147483647;
			files = (
				81C6F99D22996F9D00466967 /* LoginViewController.swift in Sources */,
				81C6F989229969C100466967 /* ViewController.swift in Sources */,
				81C6F987229969C100466967 /* AppDelegate.swift in Sources */,
				81C6F99B22996B7100466967 /* Constant.swift in Sources */,
			);
			runOnlyForDeploymentPostprocessing = 0;
		};
/* End PBXSourcesBuildPhase section */

/* Begin PBXVariantGroup section */
		81C6F98A229969C100466967 /* Main.storyboard */ = {
			isa = PBXVariantGroup;
			children = (
				81C6F98B229969C100466967 /* Base */,
			);
			name = Main.storyboard;
			sourceTree = "<group>";
		};
		81C6F98F229969C300466967 /* LaunchScreen.storyboard */ = {
			isa = PBXVariantGroup;
			children = (
				81C6F990229969C300466967 /* Base */,
			);
			name = LaunchScreen.storyboard;
			sourceTree = "<group>";
		};
/* End PBXVariantGroup section */

/* Begin XCBuildConfiguration section */
		81C6F993229969C300466967 /* Debug */ = {
			isa = XCBuildConfiguration;
			buildSettings = {
				ALWAYS_SEARCH_USER_PATHS = NO;
				CLANG_ANALYZER_NONNULL = YES;
				CLANG_ANALYZER_NUMBER_OBJECT_CONVERSION = YES_AGGRESSIVE;
				CLANG_CXX_LANGUAGE_STANDARD = "gnu++14";
				CLANG_CXX_LIBRARY = "libc++";
				CLANG_ENABLE_MODULES = YES;
				CLANG_ENABLE_OBJC_ARC = YES;
				CLANG_ENABLE_OBJC_WEAK = YES;
				CLANG_WARN_BLOCK_CAPTURE_AUTORELEASING = YES;
				CLANG_WARN_BOOL_CONVERSION = YES;
				CLANG_WARN_COMMA = YES;
				CLANG_WARN_CONSTANT_CONVERSION = YES;
				CLANG_WARN_DEPRECATED_OBJC_IMPLEMENTATIONS = YES;
				CLANG_WARN_DIRECT_OBJC_ISA_USAGE = YES_ERROR;
				CLANG_WARN_DOCUMENTATION_COMMENTS = YES;
				CLANG_WARN_EMPTY_BODY = YES;
				CLANG_WARN_ENUM_CONVERSION = YES;
				CLANG_WARN_INFINITE_RECURSION = YES;
				CLANG_WARN_INT_CONVERSION = YES;
				CLANG_WARN_NON_LITERAL_NULL_CONVERSION = YES;
				CLANG_WARN_OBJC_IMPLICIT_RETAIN_SELF = YES;
				CLANG_WARN_OBJC_LITERAL_CONVERSION = YES;
				CLANG_WARN_OBJC_ROOT_CLASS = YES_ERROR;
				CLANG_WARN_RANGE_LOOP_ANALYSIS = YES;
				CLANG_WARN_STRICT_PROTOTYPES = YES;
				CLANG_WARN_SUSPICIOUS_MOVE = YES;
				CLANG_WARN_UNGUARDED_AVAILABILITY = YES_AGGRESSIVE;
				CLANG_WARN_UNREACHABLE_CODE = YES;
				CLANG_WARN__DUPLICATE_METHOD_MATCH = YES;
				CODE_SIGN_IDENTITY = "iPhone Developer";
				COPY_PHASE_STRIP = NO;
				DEBUG_INFORMATION_FORMAT = dwarf;
				ENABLE_STRICT_OBJC_MSGSEND = YES;
				ENABLE_TESTABILITY = YES;
				GCC_C_LANGUAGE_STANDARD = gnu11;
				GCC_DYNAMIC_NO_PIC = NO;
				GCC_NO_COMMON_BLOCKS = YES;
				GCC_OPTIMIZATION_LEVEL = 0;
				GCC_PREPROCESSOR_DEFINITIONS = (
					"DEBUG=1",
					"$(inherited)",
				);
				GCC_WARN_64_TO_32_BIT_CONVERSION = YES;
				GCC_WARN_ABOUT_RETURN_TYPE = YES_ERROR;
				GCC_WARN_UNDECLARED_SELECTOR = YES;
				GCC_WARN_UNINITIALIZED_AUTOS = YES_AGGRESSIVE;
				GCC_WARN_UNUSED_FUNCTION = YES;
				GCC_WARN_UNUSED_VARIABLE = YES;
				IPHONEOS_DEPLOYMENT_TARGET = 12.1;
				MTL_ENABLE_DEBUG_INFO = INCLUDE_SOURCE;
				MTL_FAST_MATH = YES;
				ONLY_ACTIVE_ARCH = YES;
				SDKROOT = iphoneos;
				SWIFT_ACTIVE_COMPILATION_CONDITIONS = DEBUG;
				SWIFT_OPTIMIZATION_LEVEL = "-Onone";
			};
			name = Debug;
		};
		81C6F994229969C300466967 /* Release */ = {
			isa = XCBuildConfiguration;
			buildSettings = {
				ALWAYS_SEARCH_USER_PATHS = NO;
				CLANG_ANALYZER_NONNULL = YES;
				CLANG_ANALYZER_NUMBER_OBJECT_CONVERSION = YES_AGGRESSIVE;
				CLANG_CXX_LANGUAGE_STANDARD = "gnu++14";
				CLANG_CXX_LIBRARY = "libc++";
				CLANG_ENABLE_MODULES = YES;
				CLANG_ENABLE_OBJC_ARC = YES;
				CLANG_ENABLE_OBJC_WEAK = YES;
				CLANG_WARN_BLOCK_CAPTURE_AUTORELEASING = YES;
				CLANG_WARN_BOOL_CONVERSION = YES;
				CLANG_WARN_COMMA = YES;
				CLANG_WARN_CONSTANT_CONVERSION = YES;
				CLANG_WARN_DEPRECATED_OBJC_IMPLEMENTATIONS = YES;
				CLANG_WARN_DIRECT_OBJC_ISA_USAGE = YES_ERROR;
				CLANG_WARN_DOCUMENTATION_COMMENTS = YES;
				CLANG_WARN_EMPTY_BODY = YES;
				CLANG_WARN_ENUM_CONVERSION = YES;
				CLANG_WARN_INFINITE_RECURSION = YES;
				CLANG_WARN_INT_CONVERSION = YES;
				CLANG_WARN_NON_LITERAL_NULL_CONVERSION = YES;
				CLANG_WARN_OBJC_IMPLICIT_RETAIN_SELF = YES;
				CLANG_WARN_OBJC_LITERAL_CONVERSION = YES;
				CLANG_WARN_OBJC_ROOT_CLASS = YES_ERROR;
				CLANG_WARN_RANGE_LOOP_ANALYSIS = YES;
				CLANG_WARN_STRICT_PROTOTYPES = YES;
				CLANG_WARN_SUSPICIOUS_MOVE = YES;
				CLANG_WARN_UNGUARDED_AVAILABILITY = YES_AGGRESSIVE;
				CLANG_WARN_UNREACHABLE_CODE = YES;
				CLANG_WARN__DUPLICATE_METHOD_MATCH = YES;
				CODE_SIGN_IDENTITY = "iPhone Developer";
				COPY_PHASE_STRIP = NO;
				DEBUG_INFORMATION_FORMAT = "dwarf-with-dsym";
				ENABLE_NS_ASSERTIONS = NO;
				ENABLE_STRICT_OBJC_MSGSEND = YES;
				GCC_C_LANGUAGE_STANDARD = gnu11;
				GCC_NO_COMMON_BLOCKS = YES;
				GCC_WARN_64_TO_32_BIT_CONVERSION = YES;
				GCC_WARN_ABOUT_RETURN_TYPE = YES_ERROR;
				GCC_WARN_UNDECLARED_SELECTOR = YES;
				GCC_WARN_UNINITIALIZED_AUTOS = YES_AGGRESSIVE;
				GCC_WARN_UNUSED_FUNCTION = YES;
				GCC_WARN_UNUSED_VARIABLE = YES;
				IPHONEOS_DEPLOYMENT_TARGET = 12.1;
				MTL_ENABLE_DEBUG_INFO = NO;
				MTL_FAST_MATH = YES;
				SDKROOT = iphoneos;
				SWIFT_COMPILATION_MODE = wholemodule;
				SWIFT_OPTIMIZATION_LEVEL = "-O";
				VALIDATE_PRODUCT = YES;
			};
			name = Release;
		};
		81C6F996229969C300466967 /* Debug */ = {
			isa = XCBuildConfiguration;
			baseConfigurationReference = 99174B946A0B6FF055B80F80 /* Pods-IntDropBoxDemo.debug.xcconfig */;
			buildSettings = {
				ASSETCATALOG_COMPILER_APPICON_NAME = AppIcon;
				CODE_SIGN_STYLE = Automatic;
				INFOPLIST_FILE = IntDropBoxDemo/Info.plist;
				LD_RUNPATH_SEARCH_PATHS = (
					"$(inherited)",
					"@executable_path/Frameworks",
				);
				PRODUCT_BUNDLE_IDENTIFIER = Intellarc.IntDropBoxDemo;
				PRODUCT_NAME = "$(TARGET_NAME)";
				SWIFT_VERSION = 4.2;
				TARGETED_DEVICE_FAMILY = "1,2";
			};
			name = Debug;
		};
		81C6F997229969C300466967 /* Release */ = {
			isa = XCBuildConfiguration;
			baseConfigurationReference = FA659AEA1A0CD648979115F6 /* Pods-IntDropBoxDemo.release.xcconfig */;
			buildSettings = {
				ASSETCATALOG_COMPILER_APPICON_NAME = AppIcon;
				CODE_SIGN_STYLE = Automatic;
				INFOPLIST_FILE = IntDropBoxDemo/Info.plist;
				LD_RUNPATH_SEARCH_PATHS = (
					"$(inherited)",
					"@executable_path/Frameworks",
				);
				PRODUCT_BUNDLE_IDENTIFIER = Intellarc.IntDropBoxDemo;
				PRODUCT_NAME = "$(TARGET_NAME)";
				SWIFT_VERSION = 4.2;
				TARGETED_DEVICE_FAMILY = "1,2";
			};
			name = Release;
		};
/* End XCBuildConfiguration section */

/* Begin XCConfigurationList section */
		81C6F97E229969C100466967 /* Build configuration list for PBXProject "IntDropBoxDemo" */ = {
			isa = XCConfigurationList;
			buildConfigurations = (
				81C6F993229969C300466967 /* Debug */,
				81C6F994229969C300466967 /* Release */,
			);
			defaultConfigurationIsVisible = 0;
			defaultConfigurationName = Release;
		};
		81C6F995229969C300466967 /* Build configuration list for PBXNativeTarget "IntDropBoxDemo" */ = {
			isa = XCConfigurationList;
			buildConfigurations = (
				81C6F996229969C300466967 /* Debug */,
				81C6F997229969C300466967 /* Release */,
			);
			defaultConfigurationIsVisible = 0;
			defaultConfigurationName = Release;
		};
/* End XCConfigurationList section */
	};
	rootObject = 81C6F97B229969C100466967 /* Project object */;
}
